
Microsoft Visual Studio Solution File, Format Version 12.00
# Visual Studio Version 16
VisualStudioVersion = 16.0.31911.196
MinimumVisualStudioVersion = 10.0.40219.1
Project("{9A19103F-16F7-4668-BE54-9A1E7A4F7556}") = "Sparky", "Sparky\Sparky.csproj", "{B3E55C57-E23C-46EE-9277-FF10A0EF926A}"
EndProject
Project("{9A19103F-16F7-4668-BE54-9A1E7A4F7556}") = "SparkyMSTest", "SparkyMSTest\SparkyMSTest.csproj", "{C8EC565C-7E4B-4084-BA93-DB78C6930137}"
EndProject
Project("{9A19103F-16F7-4668-BE54-9A1E7A4F7556}") = "SparkyNUnitTest", "SparkyNUnitTest\SparkyNUnitTest.csproj", "{F194BD85-783B-4542-90E1-97C878223B00}"
EndProject
Project("{9A19103F-16F7-4668-BE54-9A1E7A4F7556}") = "SparkyXUnitTest", "SparkyXUnitTest\SparkyXUnitTest.csproj", "{874A4E7C-760E-4EEE-BDE9-A32E84EC7ABF}"
EndProject
Project("{2150E333-8FDC-42A3-9474-1A3956D46DE8}") = "Basic Foundation", "Basic Foundation", "{E4E596F7-20B4-4408-8A57-C0365A2E676A}"
EndProject
Project("{2150E333-8FDC-42A3-9474-1A3956D46DE8}") = "BongoWeb", "BongoWeb", "{B44C3A14-6DC9-4095-9998-59F099955784}"
EndProject
Project("{9A19103F-16F7-4668-BE54-9A1E7A4F7556}") = "Bongo.Core", "Bongo_InitialSetup (.NET 5)\Bongo.Core\Bongo.Core.csproj", "{77E123C9-618E-4393-A939-BC41809FE7D6}"
EndProject
Project("{9A19103F-16F7-4668-BE54-9A1E7A4F7556}") = "Bongo.DataAccess", "Bongo_InitialSetup (.NET 5)\Bongo.DataAccess\Bongo.DataAccess.csproj", "{EFD4022F-47CF-4116-8A0B-B21FA0370695}"
EndProject
Project("{9A19103F-16F7-4668-BE54-9A1E7A4F7556}") = "Bongo.Models", "Bongo_InitialSetup (.NET 5)\Bongo.Models\Bongo.Models.csproj", "{86A6164B-68E7-435F-A780-C0FD70763928}"
EndProject
Project("{9A19103F-16F7-4668-BE54-9A1E7A4F7556}") = "Bongo.Web", "Bongo_InitialSetup (.NET 5)\Bongo.Web\Bongo.Web.csproj", "{11089827-9A7F-4E7C-BE2F-6C71E0E4F7C4}"
EndProject
Project("{FAE04EC0-301F-11D3-BF4B-00C04F79EFBC}") = "Bongo.Models.Tests", "Bongo_InitialSetup (.NET 5)\Bongo.Models.Tests\Bongo.Models.Tests.csproj", "{493DB17C-F282-47E8-8616-DE5F2108B470}"
EndProject
Project("{FAE04EC0-301F-11D3-BF4B-00C04F79EFBC}") = "Bongo.DataAccess.Tests", "Bongo_InitialSetup (.NET 5)\Bongo.DataAccess.Tests\Bongo.DataAccess.Tests.csproj", "{52A35F05-5DD8-4E9B-925F-56E0940D0648}"
EndProject
Global
	GlobalSection(SolutionConfigurationPlatforms) = preSolution
		Debug|Any CPU = Debug|Any CPU
		Release|Any CPU = Release|Any CPU
	EndGlobalSection
	GlobalSection(ProjectConfigurationPlatforms) = postSolution
		{B3E55C57-E23C-46EE-9277-FF10A0EF926A}.Debug|Any CPU.ActiveCfg = Debug|Any CPU
		{B3E55C57-E23C-46EE-9277-FF10A0EF926A}.Debug|Any CPU.Build.0 = Debug|Any CPU
		{B3E55C57-E23C-46EE-9277-FF10A0EF926A}.Release|Any CPU.ActiveCfg = Release|Any CPU
		{B3E55C57-E23C-46EE-9277-FF10A0EF926A}.Release|Any CPU.Build.0 = Release|Any CPU
		{C8EC565C-7E4B-4084-BA93-DB78C6930137}.Debug|Any CPU.ActiveCfg = Debug|Any CPU
		{C8EC565C-7E4B-4084-BA93-DB78C6930137}.Debug|Any CPU.Build.0 = Debug|Any CPU
		{C8EC565C-7E4B-4084-BA93-DB78C6930137}.Release|Any CPU.ActiveCfg = Release|Any CPU
		{C8EC565C-7E4B-4084-BA93-DB78C6930137}.Release|Any CPU.Build.0 = Release|Any CPU
		{F194BD85-783B-4542-90E1-97C878223B00}.Debug|Any CPU.ActiveCfg = Debug|Any CPU
		{F194BD85-783B-4542-90E1-97C878223B00}.Debug|Any CPU.Build.0 = Debug|Any CPU
		{F194BD85-783B-4542-90E1-97C878223B00}.Release|Any CPU.ActiveCfg = Release|Any CPU
		{F194BD85-783B-4542-90E1-97C878223B00}.Release|Any CPU.Build.0 = Release|Any CPU
		{874A4E7C-760E-4EEE-BDE9-A32E84EC7ABF}.Debug|Any CPU.ActiveCfg = Debug|Any CPU
		{874A4E7C-760E-4EEE-BDE9-A32E84EC7ABF}.Debug|Any CPU.Build.0 = Debug|Any CPU
		{874A4E7C-760E-4EEE-BDE9-A32E84EC7ABF}.Release|Any CPU.ActiveCfg = Release|Any CPU
		{874A4E7C-760E-4EEE-BDE9-A32E84EC7ABF}.Release|Any CPU.Build.0 = Release|Any CPU
		{77E123C9-618E-4393-A939-BC41809FE7D6}.Debug|Any CPU.ActiveCfg = Debug|Any CPU
		{77E123C9-618E-4393-A939-BC41809FE7D6}.Debug|Any CPU.Build.0 = Debug|Any CPU
		{77E123C9-618E-4393-A939-BC41809FE7D6}.Release|Any CPU.ActiveCfg = Release|Any CPU
		{77E123C9-618E-4393-A939-BC41809FE7D6}.Release|Any CPU.Build.0 = Release|Any CPU
		{EFD4022F-47CF-4116-8A0B-B21FA0370695}.Debug|Any CPU.ActiveCfg = Debug|Any CPU
		{EFD4022F-47CF-4116-8A0B-B21FA0370695}.Debug|Any CPU.Build.0 = Debug|Any CPU
		{EFD4022F-47CF-4116-8A0B-B21FA0370695}.Release|Any CPU.ActiveCfg = Release|Any CPU
		{EFD4022F-47CF-4116-8A0B-B21FA0370695}.Release|Any CPU.Build.0 = Release|Any CPU
		{86A6164B-68E7-435F-A780-C0FD70763928}.Debug|Any CPU.ActiveCfg = Debug|Any CPU
		{86A6164B-68E7-435F-A780-C0FD70763928}.Debug|Any CPU.Build.0 = Debug|Any CPU
		{86A6164B-68E7-435F-A780-C0FD70763928}.Release|Any CPU.ActiveCfg = Release|Any CPU
		{86A6164B-68E7-435F-A780-C0FD70763928}.Release|Any CPU.Build.0 = Release|Any CPU
		{11089827-9A7F-4E7C-BE2F-6C71E0E4F7C4}.Debug|Any CPU.ActiveCfg = Debug|Any CPU
		{11089827-9A7F-4E7C-BE2F-6C71E0E4F7C4}.Debug|Any CPU.Build.0 = Debug|Any CPU
		{11089827-9A7F-4E7C-BE2F-6C71E0E4F7C4}.Release|Any CPU.ActiveCfg = Release|Any CPU
		{11089827-9A7F-4E7C-BE2F-6C71E0E4F7C4}.Release|Any CPU.Build.0 = Release|Any CPU
		{493DB17C-F282-47E8-8616-DE5F2108B470}.Debug|Any CPU.ActiveCfg = Debug|Any CPU
		{493DB17C-F282-47E8-8616-DE5F2108B470}.Debug|Any CPU.Build.0 = Debug|Any CPU
		{493DB17C-F282-47E8-8616-DE5F2108B470}.Release|Any CPU.ActiveCfg = Release|Any CPU
		{493DB17C-F282-47E8-8616-DE5F2108B470}.Release|Any CPU.Build.0 = Release|Any CPU
		{52A35F05-5DD8-4E9B-925F-56E0940D0648}.Debug|Any CPU.ActiveCfg = Debug|Any CPU
		{52A35F05-5DD8-4E9B-925F-56E0940D0648}.Debug|Any CPU.Build.0 = Debug|Any CPU
		{52A35F05-5DD8-4E9B-925F-56E0940D0648}.Release|Any CPU.ActiveCfg = Release|Any CPU
		{52A35F05-5DD8-4E9B-925F-56E0940D0648}.Release|Any CPU.Build.0 = Release|Any CPU
	EndGlobalSection
	GlobalSection(SolutionProperties) = preSolution
		HideSolutionNode = FALSE
	EndGlobalSection
	GlobalSection(NestedProjects) = preSolution
		{B3E55C57-E23C-46EE-9277-FF10A0EF926A} = {E4E596F7-20B4-4408-8A57-C0365A2E676A}
		{C8EC565C-7E4B-4084-BA93-DB78C6930137} = {E4E596F7-20B4-4408-8A57-C0365A2E676A}
		{F194BD85-783B-4542-90E1-97C878223B00} = {E4E596F7-20B4-4408-8A57-C0365A2E676A}
		{874A4E7C-760E-4EEE-BDE9-A32E84EC7ABF} = {E4E596F7-20B4-4408-8A57-C0365A2E676A}
		{77E123C9-618E-4393-A939-BC41809FE7D6} = {B44C3A14-6DC9-4095-9998-59F099955784}
		{EFD4022F-47CF-4116-8A0B-B21FA0370695} = {B44C3A14-6DC9-4095-9998-59F099955784}
		{86A6164B-68E7-435F-A780-C0FD70763928} = {B44C3A14-6DC9-4095-9998-59F099955784}
		{11089827-9A7F-4E7C-BE2F-6C71E0E4F7C4} = {B44C3A14-6DC9-4095-9998-59F099955784}
		{493DB17C-F282-47E8-8616-DE5F2108B470} = {B44C3A14-6DC9-4095-9998-59F099955784}
		{52A35F05-5DD8-4E9B-925F-56E0940D0648} = {B44C3A14-6DC9-4095-9998-59F099955784}
	EndGlobalSection
	GlobalSection(ExtensibilityGlobals) = postSolution
		SolutionGuid = {50A43BB0-DF21-4A0A-A8B5-4CAABBAABE6D}
	EndGlobalSection
EndGlobal
